
Microsoft Visual Studio Solution File, Format Version 12.00
# Visual Studio 15
VisualStudioVersion = 15.0.28307.102
MinimumVisualStudioVersion = 10.0.40219.1
Project("{FAE04EC0-301F-11D3-BF4B-00C04F79EFBC}") = "MVCDemo1", "MVCDemo1\MVCDemo1.csproj", "{7E6C9145-51F7-441D-84C7-8648E4066241}"
EndProject
Global
	GlobalSection(SolutionConfigurationPlatforms) = preSolution
		Debug|Any CPU = Debug|Any CPU
		Release|Any CPU = Release|Any CPU
	EndGlobalSection
	GlobalSection(ProjectConfigurationPlatforms) = postSolution
		{7E6C9145-51F7-441D-84C7-8648E4066241}.Debug|Any CPU.ActiveCfg = Debug|Any CPU
		{7E6C9145-51F7-441D-84C7-8648E4066241}.Debug|Any CPU.Build.0 = Debug|Any CPU
		{7E6C9145-51F7-441D-84C7-8648E4066241}.Release|Any CPU.ActiveCfg = Release|Any CPU
		{7E6C9145-51F7-441D-84C7-8648E4066241}.Release|Any CPU.Build.0 = Release|Any CPU
	EndGlobalSection
	GlobalSection(SolutionProperties) = preSolution
		HideSolutionNode = FALSE
	EndGlobalSection
	GlobalSection(ExtensibilityGlobals) = postSolution
		SolutionGuid = {C61FD80C-31BA-4F65-88CB-811CED0995DB}
	EndGlobalSection
EndGlobal
